
Microsoft Visual Studio Solution File, Format Version 12.00
# Visual Studio Version 16
VisualStudioVersion = 16.0.29613.14
MinimumVisualStudioVersion = 10.0.40219.1
Project("{9A19103F-16F7-4668-BE54-9A1E7A4F7556}") = "ExtraLinq", "ExtraLinq\ExtraLinq.csproj", "{DABF0EFF-3058-4644-B921-ACE628951896}"
EndProject
Project("{9A19103F-16F7-4668-BE54-9A1E7A4F7556}") = "ExtraLinqTests", "ExtraLinqTests\ExtraLinqTests.csproj", "{3381C4C6-122B-4A35-B4B6-69910C692162}"
EndProject
Global
	GlobalSection(SolutionConfigurationPlatforms) = preSolution
		Debug|Any CPU = Debug|Any CPU
		Release|Any CPU = Release|Any CPU
	EndGlobalSection
	GlobalSection(ProjectConfigurationPlatforms) = postSolution
		{DABF0EFF-3058-4644-B921-ACE628951896}.Debug|Any CPU.ActiveCfg = Debug|Any CPU
		{DABF0EFF-3058-4644-B921-ACE628951896}.Debug|Any CPU.Build.0 = Debug|Any CPU
		{DABF0EFF-3058-4644-B921-ACE628951896}.Release|Any CPU.ActiveCfg = Release|Any CPU
		{DABF0EFF-3058-4644-B921-ACE628951896}.Release|Any CPU.Build.0 = Release|Any CPU
		{3381C4C6-122B-4A35-B4B6-69910C692162}.Debug|Any CPU.ActiveCfg = Debug|Any CPU
		{3381C4C6-122B-4A35-B4B6-69910C692162}.Debug|Any CPU.Build.0 = Debug|Any CPU
		{3381C4C6-122B-4A35-B4B6-69910C692162}.Release|Any CPU.ActiveCfg = Release|Any CPU
		{3381C4C6-122B-4A35-B4B6-69910C692162}.Release|Any CPU.Build.0 = Release|Any CPU
	EndGlobalSection
	GlobalSection(SolutionProperties) = preSolution
		HideSolutionNode = FALSE
	EndGlobalSection
	GlobalSection(ExtensibilityGlobals) = postSolution
		SolutionGuid = {67CDB9FE-0055-4C57-B3CC-1A435A23AA36}
	EndGlobalSection
EndGlobal
